Microsoft Visual Studio Solution File, Format Version 12.00
# Visual Studio Version 17
VisualStudioVersion = 17.5.2.0
MinimumVisualStudioVersion = 10.0.40219.1
Project("{FAE04EC0-301F-11D3-BF4B-00C04F79EFBC}") = "VMapp", "VMapp.csproj", "{C09441C3-D185-558D-0C08-E8C659647FB9}"
EndProject
Global
	GlobalSection(SolutionConfigurationPlatforms) = preSolution
		Debug|Any CPU = Debug|Any CPU
		Release|Any CPU = Release|Any CPU
	EndGlobalSection
	GlobalSection(ProjectConfigurationPlatforms) = postSolution
		{C09441C3-D185-558D-0C08-E8C659647FB9}.Debug|Any CPU.ActiveCfg = Debug|Any CPU
		{C09441C3-D185-558D-0C08-E8C659647FB9}.Debug|Any CPU.Build.0 = Debug|Any CPU
		{C09441C3-D185-558D-0C08-E8C659647FB9}.Release|Any CPU.ActiveCfg = Release|Any CPU
		{C09441C3-D185-558D-0C08-E8C659647FB9}.Release|Any CPU.Build.0 = Release|Any CPU
	EndGlobalSection
	GlobalSection(SolutionProperties) = preSolution
		HideSolutionNode = FALSE
	EndGlobalSection
	GlobalSection(ExtensibilityGlobals) = postSolution
		SolutionGuid = {08FB96A5-5544-4719-BC9B-3ED2A847A8E1}
	EndGlobalSection
EndGlobal
